// !$*UTF8*$!
{
	archiveVersion = 1;
	classes = {
	};
	objectVersion = 56;
	objects = {

/* Begin PBXBuildFile section */
		EB38AEE22C45FACC0011D0CE /* FindMyAcronymApp.swift in Sources */ = {isa = PBXBuildFile; fileRef = EB38AEE12C45FACC0011D0CE /* FindMyAcronymApp.swift */; };
		EB38AEE62C45FACE0011D0CE /* Assets.xcassets in Resources */ = {isa = PBXBuildFile; fileRef = EB38AEE52C45FACE0011D0CE /* Assets.xcassets */; };
		EB38AEE92C45FACE0011D0CE /* Preview Assets.xcassets in Resources */ = {isa = PBXBuildFile; fileRef = EB38AEE82C45FACE0011D0CE /* Preview Assets.xcassets */; };
		EB38AEF32C45FACE0011D0CE /* FindMyAcronymTests.swift in Sources */ = {isa = PBXBuildFile; fileRef = EB38AEF22C45FACE0011D0CE /* FindMyAcronymTests.swift */; };
		EB38AEFD2C45FACE0011D0CE /* FindMyAcronymUITests.swift in Sources */ = {isa = PBXBuildFile; fileRef = EB38AEFC2C45FACE0011D0CE /* FindMyAcronymUITests.swift */; };
		EB38AEFF2C45FACE0011D0CE /* FindMyAcronymUITestsLaunchTests.swift in Sources */ = {isa = PBXBuildFile; fileRef = EB38AEFE2C45FACE0011D0CE /* FindMyAcronymUITestsLaunchTests.swift */; };
		EB38AF102C45FC700011D0CE /* AcronymRepository.swift in Sources */ = {isa = PBXBuildFile; fileRef = EB38AF0F2C45FC700011D0CE /* AcronymRepository.swift */; };
		EB38AF132C45FCEB0011D0CE /* AcronymRepositoryImpl.swift in Sources */ = {isa = PBXBuildFile; fileRef = EB38AF122C45FCEB0011D0CE /* AcronymRepositoryImpl.swift */; };
		EB38AF162C45FD750011D0CE /* AcronymRemoteDataSource.swift in Sources */ = {isa = PBXBuildFile; fileRef = EB38AF152C45FD750011D0CE /* AcronymRemoteDataSource.swift */; };
		EB38AF182C45FE820011D0CE /* AcronymRemoteDataSourceImpl.swift in Sources */ = {isa = PBXBuildFile; fileRef = EB38AF172C45FE820011D0CE /* AcronymRemoteDataSourceImpl.swift */; };
		EB38AF1B2C4604D30011D0CE /* ApiService.swift in Sources */ = {isa = PBXBuildFile; fileRef = EB38AF1A2C4604D30011D0CE /* ApiService.swift */; };
		EB38AF202C46083D0011D0CE /* LongForm.swift in Sources */ = {isa = PBXBuildFile; fileRef = EB38AF1F2C46083D0011D0CE /* LongForm.swift */; };
		EB38AF222C46096E0011D0CE /* DictionaryResponse.swift in Sources */ = {isa = PBXBuildFile; fileRef = EB38AF212C46096E0011D0CE /* DictionaryResponse.swift */; };
		EB38AF252C460B920011D0CE /* LongFormMapper.swift in Sources */ = {isa = PBXBuildFile; fileRef = EB38AF242C460B920011D0CE /* LongFormMapper.swift */; };
		EB38AF272C460D510011D0CE /* ApiServiceImpl.swift in Sources */ = {isa = PBXBuildFile; fileRef = EB38AF262C460D510011D0CE /* ApiServiceImpl.swift */; };
		EB38AF2A2C46114E0011D0CE /* GetLongFormsUseCase.swift in Sources */ = {isa = PBXBuildFile; fileRef = EB38AF292C46114E0011D0CE /* GetLongFormsUseCase.swift */; };
		EB38AF2C2C4611F10011D0CE /* GetLongFormsUseCaseImpl.swift in Sources */ = {isa = PBXBuildFile; fileRef = EB38AF2B2C4611F10011D0CE /* GetLongFormsUseCaseImpl.swift */; };
		EB38AF2E2C4612FA0011D0CE /* SearchAcronymView.swift in Sources */ = {isa = PBXBuildFile; fileRef = EB38AF2D2C4612FA0011D0CE /* SearchAcronymView.swift */; };
/* End PBXBuildFile section */

/* Begin PBXContainerItemProxy section */
		EB38AEEF2C45FACE0011D0CE /* PBXContainerItemProxy */ = {
			isa = PBXContainerItemProxy;
			containerPortal = EB38AED62C45FACC0011D0CE /* Project object */;
			proxyType = 1;
			remoteGlobalIDString = EB38AEDD2C45FACC0011D0CE;
			remoteInfo = FindMyAcronym;
		};
		EB38AEF92C45FACE0011D0CE /* PBXContainerItemProxy */ = {
			isa = PBXContainerItemProxy;
			containerPortal = EB38AED62C45FACC0011D0CE /* Project object */;
			proxyType = 1;
			remoteGlobalIDString = EB38AEDD2C45FACC0011D0CE;
			remoteInfo = FindMyAcronym;
		};
/* End PBXContainerItemProxy section */

/* Begin PBXFileReference section */
		EB38AEDE2C45FACC0011D0CE /* FindMyAcronym.app */ = {isa = PBXFileReference; explicitFileType = wrapper.application; includeInIndex = 0; path = FindMyAcronym.app; sourceTree = BUILT_PRODUCTS_DIR; };
		EB38AEE12C45FACC0011D0CE /* FindMyAcronymApp.swift */ = {isa = PBXFileReference; lastKnownFileType = sourcecode.swift; path = FindMyAcronymApp.swift; sourceTree = "<group>"; };
		EB38AEE52C45FACE0011D0CE /* Assets.xcassets */ = {isa = PBXFileReference; lastKnownFileType = folder.assetcatalog; path = Assets.xcassets; sourceTree = "<group>"; };
		EB38AEE82C45FACE0011D0CE /* Preview Assets.xcassets */ = {isa = PBXFileReference; lastKnownFileType = folder.assetcatalog; path = "Preview Assets.xcassets"; sourceTree = "<group>"; };
		EB38AEEE2C45FACE0011D0CE /* FindMyAcronymTests.xctest */ = {isa = PBXFileReference; explicitFileType = wrapper.cfbundle; includeInIndex = 0; path = FindMyAcronymTests.xctest; sourceTree = BUILT_PRODUCTS_DIR; };
		EB38AEF22C45FACE0011D0CE /* FindMyAcronymTests.swift */ = {isa = PBXFileReference; lastKnownFileType = sourcecode.swift; path = FindMyAcronymTests.swift; sourceTree = "<group>"; };
		EB38AEF82C45FACE0011D0CE /* FindMyAcronymUITests.xctest */ = {isa = PBXFileReference; explicitFileType = wrapper.cfbundle; includeInIndex = 0; path = FindMyAcronymUITests.xctest; sourceTree = BUILT_PRODUCTS_DIR; };
		EB38AEFC2C45FACE0011D0CE /* FindMyAcronymUITests.swift */ = {isa = PBXFileReference; lastKnownFileType = sourcecode.swift; path = FindMyAcronymUITests.swift; sourceTree = "<group>"; };
		EB38AEFE2C45FACE0011D0CE /* FindMyAcronymUITestsLaunchTests.swift */ = {isa = PBXFileReference; lastKnownFileType = sourcecode.swift; path = FindMyAcronymUITestsLaunchTests.swift; sourceTree = "<group>"; };
		EB38AF0F2C45FC700011D0CE /* AcronymRepository.swift */ = {isa = PBXFileReference; lastKnownFileType = sourcecode.swift; path = AcronymRepository.swift; sourceTree = "<group>"; };
		EB38AF122C45FCEB0011D0CE /* AcronymRepositoryImpl.swift */ = {isa = PBXFileReference; lastKnownFileType = sourcecode.swift; path = AcronymRepositoryImpl.swift; sourceTree = "<group>"; };
		EB38AF152C45FD750011D0CE /* AcronymRemoteDataSource.swift */ = {isa = PBXFileReference; lastKnownFileType = sourcecode.swift; path = AcronymRemoteDataSource.swift; sourceTree = "<group>"; };
		EB38AF172C45FE820011D0CE /* AcronymRemoteDataSourceImpl.swift */ = {isa = PBXFileReference; lastKnownFileType = sourcecode.swift; path = AcronymRemoteDataSourceImpl.swift; sourceTree = "<group>"; };
		EB38AF1A2C4604D30011D0CE /* ApiService.swift */ = {isa = PBXFileReference; lastKnownFileType = sourcecode.swift; path = ApiService.swift; sourceTree = "<group>"; };
		EB38AF1F2C46083D0011D0CE /* LongForm.swift */ = {isa = PBXFileReference; lastKnownFileType = sourcecode.swift; path = LongForm.swift; sourceTree = "<group>"; };
		EB38AF212C46096E0011D0CE /* DictionaryResponse.swift */ = {isa = PBXFileReference; lastKnownFileType = sourcecode.swift; path = DictionaryResponse.swift; sourceTree = "<group>"; };
		EB38AF242C460B920011D0CE /* LongFormMapper.swift */ = {isa = PBXFileReference; lastKnownFileType = sourcecode.swift; path = LongFormMapper.swift; sourceTree = "<group>"; };
		EB38AF262C460D510011D0CE /* ApiServiceImpl.swift */ = {isa = PBXFileReference; lastKnownFileType = sourcecode.swift; path = ApiServiceImpl.swift; sourceTree = "<group>"; };
		EB38AF292C46114E0011D0CE /* GetLongFormsUseCase.swift */ = {isa = PBXFileReference; lastKnownFileType = sourcecode.swift; path = GetLongFormsUseCase.swift; sourceTree = "<group>"; };
		EB38AF2B2C4611F10011D0CE /* GetLongFormsUseCaseImpl.swift */ = {isa = PBXFileReference; lastKnownFileType = sourcecode.swift; path = GetLongFormsUseCaseImpl.swift; sourceTree = "<group>"; };
		EB38AF2D2C4612FA0011D0CE /* SearchAcronymView.swift */ = {isa = PBXFileReference; lastKnownFileType = sourcecode.swift; path = SearchAcronymView.swift; sourceTree = "<group>"; };
		EB38AF2F2C46292C0011D0CE /* Info.plist */ = {isa = PBXFileReference; lastKnownFileType = text.plist; path = Info.plist; sourceTree = "<group>"; };
/* End PBXFileReference section */

/* Begin PBXFrameworksBuildPhase section */
		EB38AEDB2C45FACC0011D0CE /* Frameworks */ = {
			isa = PBXFrameworksBuildPhase;
			buildActionMask = 2147483647;
			files = (
			);
			runOnlyForDeploymentPostprocessing = 0;
		};
		EB38AEEB2C45FACE0011D0CE /* Frameworks */ = {
			isa = PBXFrameworksBuildPhase;
			buildActionMask = 2147483647;
			files = (
			);
			runOnlyForDeploymentPostprocessing = 0;
		};
		EB38AEF52C45FACE0011D0CE /* Frameworks */ = {
			isa = PBXFrameworksBuildPhase;
			buildActionMask = 2147483647;
			files = (
			);
			runOnlyForDeploymentPostprocessing = 0;
		};
/* End PBXFrameworksBuildPhase section */

/* Begin PBXGroup section */
		EB38AED52C45FACC0011D0CE = {
			isa = PBXGroup;
			children = (
				EB38AEE02C45FACC0011D0CE /* FindMyAcronym */,
				EB38AEF12C45FACE0011D0CE /* FindMyAcronymTests */,
				EB38AEFB2C45FACE0011D0CE /* FindMyAcronymUITests */,
				EB38AEDF2C45FACC0011D0CE /* Products */,
			);
			sourceTree = "<group>";
		};
		EB38AEDF2C45FACC0011D0CE /* Products */ = {
			isa = PBXGroup;
			children = (
				EB38AEDE2C45FACC0011D0CE /* FindMyAcronym.app */,
				EB38AEEE2C45FACE0011D0CE /* FindMyAcronymTests.xctest */,
				EB38AEF82C45FACE0011D0CE /* FindMyAcronymUITests.xctest */,
			);
			name = Products;
			sourceTree = "<group>";
		};
		EB38AEE02C45FACC0011D0CE /* FindMyAcronym */ = {
			isa = PBXGroup;
			children = (
				EB38AF2F2C46292C0011D0CE /* Info.plist */,
				EB38AF0D2C45FAFB0011D0CE /* Presentation */,
				EB38AF0C2C45FAF20011D0CE /* Data */,
				EB38AF0B2C45FAEC0011D0CE /* Domain */,
				EB38AEE12C45FACC0011D0CE /* FindMyAcronymApp.swift */,
				EB38AEE52C45FACE0011D0CE /* Assets.xcassets */,
				EB38AEE72C45FACE0011D0CE /* Preview Content */,
			);
			path = FindMyAcronym;
			sourceTree = "<group>";
		};
		EB38AEE72C45FACE0011D0CE /* Preview Content */ = {
			isa = PBXGroup;
			children = (
				EB38AEE82C45FACE0011D0CE /* Preview Assets.xcassets */,
			);
			path = "Preview Content";
			sourceTree = "<group>";
		};
		EB38AEF12C45FACE0011D0CE /* FindMyAcronymTests */ = {
			isa = PBXGroup;
			children = (
				EB38AEF22C45FACE0011D0CE /* FindMyAcronymTests.swift */,
			);
			path = FindMyAcronymTests;
			sourceTree = "<group>";
		};
		EB38AEFB2C45FACE0011D0CE /* FindMyAcronymUITests */ = {
			isa = PBXGroup;
			children = (
				EB38AEFC2C45FACE0011D0CE /* FindMyAcronymUITests.swift */,
				EB38AEFE2C45FACE0011D0CE /* FindMyAcronymUITestsLaunchTests.swift */,
			);
			path = FindMyAcronymUITests;
			sourceTree = "<group>";
		};
		EB38AF0B2C45FAEC0011D0CE /* Domain */ = {
			isa = PBXGroup;
			children = (
				EB38AF282C4611260011D0CE /* UseCases */,
				EB38AF1E2C46071D0011D0CE /* Entities */,
				EB38AF0E2C45FC390011D0CE /* Repositories */,
			);
			path = Domain;
			sourceTree = "<group>";
		};
		EB38AF0C2C45FAF20011D0CE /* Data */ = {
			isa = PBXGroup;
			children = (
				EB38AF232C460B670011D0CE /* Mappers */,
				EB38AF192C45FF4F0011D0CE /* Network */,
				EB38AF142C45FD130011D0CE /* DataSources */,
				EB38AF112C45FCBD0011D0CE /* Repositories */,
			);
			path = Data;
			sourceTree = "<group>";
		};
		EB38AF0D2C45FAFB0011D0CE /* Presentation */ = {
			isa = PBXGroup;
			children = (
				EB38AF2D2C4612FA0011D0CE /* SearchAcronymView.swift */,
			);
			path = Presentation;
			sourceTree = "<group>";
		};
		EB38AF0E2C45FC390011D0CE /* Repositories */ = {
			isa = PBXGroup;
			children = (
				EB38AF0F2C45FC700011D0CE /* AcronymRepository.swift */,
			);
			path = Repositories;
			sourceTree = "<group>";
		};
		EB38AF112C45FCBD0011D0CE /* Repositories */ = {
			isa = PBXGroup;
			children = (
				EB38AF122C45FCEB0011D0CE /* AcronymRepositoryImpl.swift */,
			);
			path = Repositories;
			sourceTree = "<group>";
		};
		EB38AF142C45FD130011D0CE /* DataSources */ = {
			isa = PBXGroup;
			children = (
				EB38AF152C45FD750011D0CE /* AcronymRemoteDataSource.swift */,
				EB38AF172C45FE820011D0CE /* AcronymRemoteDataSourceImpl.swift */,
			);
			path = DataSources;
			sourceTree = "<group>";
		};
		EB38AF192C45FF4F0011D0CE /* Network */ = {
			isa = PBXGroup;
			children = (
				EB38AF1A2C4604D30011D0CE /* ApiService.swift */,
				EB38AF262C460D510011D0CE /* ApiServiceImpl.swift */,
				EB38AF212C46096E0011D0CE /* DictionaryResponse.swift */,
			);
			path = Network;
			sourceTree = "<group>";
		};
		EB38AF1E2C46071D0011D0CE /* Entities */ = {
			isa = PBXGroup;
			children = (
				EB38AF1F2C46083D0011D0CE /* LongForm.swift */,
			);
			path = Entities;
			sourceTree = "<group>";
		};
		EB38AF232C460B670011D0CE /* Mappers */ = {
			isa = PBXGroup;
			children = (
				EB38AF242C460B920011D0CE /* LongFormMapper.swift */,
			);
			path = Mappers;
			sourceTree = "<group>";
		};
		EB38AF282C4611260011D0CE /* UseCases */ = {
			isa = PBXGroup;
			children = (
				EB38AF292C46114E0011D0CE /* GetLongFormsUseCase.swift */,
				EB38AF2B2C4611F10011D0CE /* GetLongFormsUseCaseImpl.swift */,
			);
			path = UseCases;
			sourceTree = "<group>";
		};
/* End PBXGroup section */

/* Begin PBXNativeTarget section */
		EB38AEDD2C45FACC0011D0CE /* FindMyAcronym */ = {
			isa = PBXNativeTarget;
			buildConfigurationList = EB38AF022C45FACE0011D0CE /* Build configuration list for PBXNativeTarget "FindMyAcronym" */;
			buildPhases = (
				EB38AEDA2C45FACC0011D0CE /* Sources */,
				EB38AEDB2C45FACC0011D0CE /* Frameworks */,
				EB38AEDC2C45FACC0011D0CE /* Resources */,
			);
			buildRules = (
			);
			dependencies = (
			);
			name = FindMyAcronym;
			productName = FindMyAcronym;
			productReference = EB38AEDE2C45FACC0011D0CE /* FindMyAcronym.app */;
			productType = "com.apple.product-type.application";
		};
		EB38AEED2C45FACE0011D0CE /* FindMyAcronymTests */ = {
			isa = PBXNativeTarget;
			buildConfigurationList = EB38AF052C45FACE0011D0CE /* Build configuration list for PBXNativeTarget "FindMyAcronymTests" */;
			buildPhases = (
				EB38AEEA2C45FACE0011D0CE /* Sources */,
				EB38AEEB2C45FACE0011D0CE /* Frameworks */,
				EB38AEEC2C45FACE0011D0CE /* Resources */,
			);
			buildRules = (
			);
			dependencies = (
				EB38AEF02C45FACE0011D0CE /* PBXTargetDependency */,
			);
			name = FindMyAcronymTests;
			productName = FindMyAcronymTests;
			productReference = EB38AEEE2C45FACE0011D0CE /* FindMyAcronymTests.xctest */;
			productType = "com.apple.product-type.bundle.unit-test";
		};
		EB38AEF72C45FACE0011D0CE /* FindMyAcronymUITests */ = {
			isa = PBXNativeTarget;
			buildConfigurationList = EB38AF082C45FACE0011D0CE /* Build configuration list for PBXNativeTarget "FindMyAcronymUITests" */;
			buildPhases = (
				EB38AEF42C45FACE0011D0CE /* Sources */,
				EB38AEF52C45FACE0011D0CE /* Frameworks */,
				EB38AEF62C45FACE0011D0CE /* Resources */,
			);
			buildRules = (
			);
			dependencies = (
				EB38AEFA2C45FACE0011D0CE /* PBXTargetDependency */,
			);
			name = FindMyAcronymUITests;
			productName = FindMyAcronymUITests;
			productReference = EB38AEF82C45FACE0011D0CE /* FindMyAcronymUITests.xctest */;
			productType = "com.apple.product-type.bundle.ui-testing";
		};
/* End PBXNativeTarget section */

/* Begin PBXProject section */
		EB38AED62C45FACC0011D0CE /* Project object */ = {
			isa = PBXProject;
			attributes = {
				BuildIndependentTargetsInParallel = 1;
				LastSwiftUpdateCheck = 1540;
				LastUpgradeCheck = 1540;
				TargetAttributes = {
					EB38AEDD2C45FACC0011D0CE = {
						CreatedOnToolsVersion = 15.4;
					};
					EB38AEED2C45FACE0011D0CE = {
						CreatedOnToolsVersion = 15.4;
						TestTargetID = EB38AEDD2C45FACC0011D0CE;
					};
					EB38AEF72C45FACE0011D0CE = {
						CreatedOnToolsVersion = 15.4;
						TestTargetID = EB38AEDD2C45FACC0011D0CE;
					};
				};
			};
			buildConfigurationList = EB38AED92C45FACC0011D0CE /* Build configuration list for PBXProject "FindMyAcronym" */;
			compatibilityVersion = "Xcode 14.0";
			developmentRegion = en;
			hasScannedForEncodings = 0;
			knownRegions = (
				en,
				Base,
			);
			mainGroup = EB38AED52C45FACC0011D0CE;
			productRefGroup = EB38AEDF2C45FACC0011D0CE /* Products */;
			projectDirPath = "";
			projectRoot = "";
			targets = (
				EB38AEDD2C45FACC0011D0CE /* FindMyAcronym */,
				EB38AEED2C45FACE0011D0CE /* FindMyAcronymTests */,
				EB38AEF72C45FACE0011D0CE /* FindMyAcronymUITests */,
			);
		};
/* End PBXProject section */

/* Begin PBXResourcesBuildPhase section */
		EB38AEDC2C45FACC0011D0CE /* Resources */ = {
			isa = PBXResourcesBuildPhase;
			buildActionMask = 2147483647;
			files = (
				EB38AEE92C45FACE0011D0CE /* Preview Assets.xcassets in Resources */,
				EB38AEE62C45FACE0011D0CE /* Assets.xcassets in Resources */,
			);
			runOnlyForDeploymentPostprocessing = 0;
		};
		EB38AEEC2C45FACE0011D0CE /* Resources */ = {
			isa = PBXResourcesBuildPhase;
			buildActionMask = 2147483647;
			files = (
			);
			runOnlyForDeploymentPostprocessing = 0;
		};
		EB38AEF62C45FACE0011D0CE /* Resources */ = {
			isa = PBXResourcesBuildPhase;
			buildActionMask = 2147483647;
			files = (
			);
			runOnlyForDeploymentPostprocessing = 0;
		};
/* End PBXResourcesBuildPhase section */

/* Begin PBXSourcesBuildPhase section */
		EB38AEDA2C45FACC0011D0CE /* Sources */ = {
			isa = PBXSourcesBuildPhase;
			buildActionMask = 2147483647;
			files = (
				EB38AF132C45FCEB0011D0CE /* AcronymRepositoryImpl.swift in Sources */,
				EB38AF2C2C4611F10011D0CE /* GetLongFormsUseCaseImpl.swift in Sources */,
				EB38AF182C45FE820011D0CE /* AcronymRemoteDataSourceImpl.swift in Sources */,
				EB38AF102C45FC700011D0CE /* AcronymRepository.swift in Sources */,
				EB38AEE22C45FACC0011D0CE /* FindMyAcronymApp.swift in Sources */,
				EB38AF1B2C4604D30011D0CE /* ApiService.swift in Sources */,
				EB38AF202C46083D0011D0CE /* LongForm.swift in Sources */,
				EB38AF272C460D510011D0CE /* ApiServiceImpl.swift in Sources */,
				EB38AF2A2C46114E0011D0CE /* GetLongFormsUseCase.swift in Sources */,
				EB38AF2E2C4612FA0011D0CE /* SearchAcronymView.swift in Sources */,
				EB38AF252C460B920011D0CE /* LongFormMapper.swift in Sources */,
				EB38AF222C46096E0011D0CE /* DictionaryResponse.swift in Sources */,
				EB38AF162C45FD750011D0CE /* AcronymRemoteDataSource.swift in Sources */,
			);
			runOnlyForDeploymentPostprocessing = 0;
		};
		EB38AEEA2C45FACE0011D0CE /* Sources */ = {
			isa = PBXSourcesBuildPhase;
			buildActionMask = 2147483647;
			files = (
				EB38AEF32C45FACE0011D0CE /* FindMyAcronymTests.swift in Sources */,
			);
			runOnlyForDeploymentPostprocessing = 0;
		};
		EB38AEF42C45FACE0011D0CE /* Sources */ = {
			isa = PBXSourcesBuildPhase;
			buildActionMask = 2147483647;
			files = (
				EB38AEFD2C45FACE0011D0CE /* FindMyAcronymUITests.swift in Sources */,
				EB38AEFF2C45FACE0011D0CE /* FindMyAcronymUITestsLaunchTests.swift in Sources */,
			);
			runOnlyForDeploymentPostprocessing = 0;
		};
/* End PBXSourcesBuildPhase section */

/* Begin PBXTargetDependency section */
		EB38AEF02C45FACE0011D0CE /* PBXTargetDependency */ = {
			isa = PBXTargetDependency;
			target = EB38AEDD2C45FACC0011D0CE /* FindMyAcronym */;
			targetProxy = EB38AEEF2C45FACE0011D0CE /* PBXContainerItemProxy */;
		};
		EB38AEFA2C45FACE0011D0CE /* PBXTargetDependency */ = {
			isa = PBXTargetDependency;
			target = EB38AEDD2C45FACC0011D0CE /* FindMyAcronym */;
			targetProxy = EB38AEF92C45FACE0011D0CE /* PBXContainerItemProxy */;
		};
/* End PBXTargetDependency section */

/* Begin XCBuildConfiguration section */
		EB38AF002C45FACE0011D0CE /* Debug */ = {
			isa = XCBuildConfiguration;
			buildSettings = {
				ALWAYS_SEARCH_USER_PATHS = NO;
				ASSETCATALOG_COMPILER_GENERATE_SWIFT_ASSET_SYMBOL_EXTENSIONS = YES;
				CLANG_ANALYZER_NONNULL = YES;
				CLANG_ANALYZER_NUMBER_OBJECT_CONVERSION = YES_AGGRESSIVE;
				CLANG_CXX_LANGUAGE_STANDARD = "gnu++20";
				CLANG_ENABLE_MODULES = YES;
				CLANG_ENABLE_OBJC_ARC = YES;
				CLANG_ENABLE_OBJC_WEAK = YES;
				CLANG_WARN_BLOCK_CAPTURE_AUTORELEASING = YES;
				CLANG_WARN_BOOL_CONVERSION = YES;
				CLANG_WARN_COMMA = YES;
				CLANG_WARN_CONSTANT_CONVERSION = YES;
				CLANG_WARN_DEPRECATED_OBJC_IMPLEMENTATIONS = YES;
				CLANG_WARN_DIRECT_OBJC_ISA_USAGE = YES_ERROR;
				CLANG_WARN_DOCUMENTATION_COMMENTS = YES;
				CLANG_WARN_EMPTY_BODY = YES;
				CLANG_WARN_ENUM_CONVERSION = YES;
				CLANG_WARN_INFINITE_RECURSION = YES;
				CLANG_WARN_INT_CONVERSION = YES;
				CLANG_WARN_NON_LITERAL_NULL_CONVERSION = YES;
				CLANG_WARN_OBJC_IMPLICIT_RETAIN_SELF = YES;
				CLANG_WARN_OBJC_LITERAL_CONVERSION = YES;
				CLANG_WARN_OBJC_ROOT_CLASS = YES_ERROR;
				CLANG_WARN_QUOTED_INCLUDE_IN_FRAMEWORK_HEADER = YES;
				CLANG_WARN_RANGE_LOOP_ANALYSIS = YES;
				CLANG_WARN_STRICT_PROTOTYPES = YES;
				CLANG_WARN_SUSPICIOUS_MOVE = YES;
				CLANG_WARN_UNGUARDED_AVAILABILITY = YES_AGGRESSIVE;
				CLANG_WARN_UNREACHABLE_CODE = YES;
				CLANG_WARN__DUPLICATE_METHOD_MATCH = YES;
				COPY_PHASE_STRIP = NO;
				DEBUG_INFORMATION_FORMAT = dwarf;
				ENABLE_STRICT_OBJC_MSGSEND = YES;
				ENABLE_TESTABILITY = YES;
				ENABLE_USER_SCRIPT_SANDBOXING = YES;
				GCC_C_LANGUAGE_STANDARD = gnu17;
				GCC_DYNAMIC_NO_PIC = NO;
				GCC_NO_COMMON_BLOCKS = YES;
				GCC_OPTIMIZATION_LEVEL = 0;
				GCC_PREPROCESSOR_DEFINITIONS = (
					"DEBUG=1",
					"$(inherited)",
				);
				GCC_WARN_64_TO_32_BIT_CONVERSION = YES;
				GCC_WARN_ABOUT_RETURN_TYPE = YES_ERROR;
				GCC_WARN_UNDECLARED_SELECTOR = YES;
				GCC_WARN_UNINITIALIZED_AUTOS = YES_AGGRESSIVE;
				GCC_WARN_UNUSED_FUNCTION = YES;
				GCC_WARN_UNUSED_VARIABLE = YES;
				IPHONEOS_DEPLOYMENT_TARGET = 17.5;
				LOCALIZATION_PREFERS_STRING_CATALOGS = YES;
				MTL_ENABLE_DEBUG_INFO = INCLUDE_SOURCE;
				MTL_FAST_MATH = YES;
				ONLY_ACTIVE_ARCH = YES;
				SDKROOT = iphoneos;
				SWIFT_ACTIVE_COMPILATION_CONDITIONS = "DEBUG $(inherited)";
				SWIFT_OPTIMIZATION_LEVEL = "-Onone";
			};
			name = Debug;
		};
		EB38AF012C45FACE0011D0CE /* Release */ = {
			isa = XCBuildConfiguration;
			buildSettings = {
				ALWAYS_SEARCH_USER_PATHS = NO;
				ASSETCATALOG_COMPILER_GENERATE_SWIFT_ASSET_SYMBOL_EXTENSIONS = YES;
				CLANG_ANALYZER_NONNULL = YES;
				CLANG_ANALYZER_NUMBER_OBJECT_CONVERSION = YES_AGGRESSIVE;
				CLANG_CXX_LANGUAGE_STANDARD = "gnu++20";
				CLANG_ENABLE_MODULES = YES;
				CLANG_ENABLE_OBJC_ARC = YES;
				CLANG_ENABLE_OBJC_WEAK = YES;
				CLANG_WARN_BLOCK_CAPTURE_AUTORELEASING = YES;
				CLANG_WARN_BOOL_CONVERSION = YES;
				CLANG_WARN_COMMA = YES;
				CLANG_WARN_CONSTANT_CONVERSION = YES;
				CLANG_WARN_DEPRECATED_OBJC_IMPLEMENTATIONS = YES;
				CLANG_WARN_DIRECT_OBJC_ISA_USAGE = YES_ERROR;
				CLANG_WARN_DOCUMENTATION_COMMENTS = YES;
				CLANG_WARN_EMPTY_BODY = YES;
				CLANG_WARN_ENUM_CONVERSION = YES;
				CLANG_WARN_INFINITE_RECURSION = YES;
				CLANG_WARN_INT_CONVERSION = YES;
				CLANG_WARN_NON_LITERAL_NULL_CONVERSION = YES;
				CLANG_WARN_OBJC_IMPLICIT_RETAIN_SELF = YES;
				CLANG_WARN_OBJC_LITERAL_CONVERSION = YES;
				CLANG_WARN_OBJC_ROOT_CLASS = YES_ERROR;
				CLANG_WARN_QUOTED_INCLUDE_IN_FRAMEWORK_HEADER = YES;
				CLANG_WARN_RANGE_LOOP_ANALYSIS = YES;
				CLANG_WARN_STRICT_PROTOTYPES = YES;
				CLANG_WARN_SUSPICIOUS_MOVE = YES;
				CLANG_WARN_UNGUARDED_AVAILABILITY = YES_AGGRESSIVE;
				CLANG_WARN_UNREACHABLE_CODE = YES;
				CLANG_WARN__DUPLICATE_METHOD_MATCH = YES;
				COPY_PHASE_STRIP = NO;
				DEBUG_INFORMATION_FORMAT = "dwarf-with-dsym";
				ENABLE_NS_ASSERTIONS = NO;
				ENABLE_STRICT_OBJC_MSGSEND = YES;
				ENABLE_USER_SCRIPT_SANDBOXING = YES;
				GCC_C_LANGUAGE_STANDARD = gnu17;
				GCC_NO_COMMON_BLOCKS = YES;
				GCC_WARN_64_TO_32_BIT_CONVERSION = YES;
				GCC_WARN_ABOUT_RETURN_TYPE = YES_ERROR;
				GCC_WARN_UNDECLARED_SELECTOR = YES;
				GCC_WARN_UNINITIALIZED_AUTOS = YES_AGGRESSIVE;
				GCC_WARN_UNUSED_FUNCTION = YES;
				GCC_WARN_UNUSED_VARIABLE = YES;
				IPHONEOS_DEPLOYMENT_TARGET = 17.5;
				LOCALIZATION_PREFERS_STRING_CATALOGS = YES;
				MTL_ENABLE_DEBUG_INFO = NO;
				MTL_FAST_MATH = YES;
				SDKROOT = iphoneos;
				SWIFT_COMPILATION_MODE = wholemodule;
				VALIDATE_PRODUCT = YES;
			};
			name = Release;
		};
		EB38AF032C45FACE0011D0CE /* Debug */ = {
			isa = XCBuildConfiguration;
			buildSettings = {
				ASSETCATALOG_COMPILER_APPICON_NAME = AppIcon;
				ASSETCATALOG_COMPILER_GLOBAL_ACCENT_COLOR_NAME = AccentColor;
				CODE_SIGN_STYLE = Automatic;
				CURRENT_PROJECT_VERSION = 1;
				DEVELOPMENT_ASSET_PATHS = "\"FindMyAcronym/Preview Content\"";
				ENABLE_PREVIEWS = YES;
				GENERATE_INFOPLIST_FILE = YES;
				INFOPLIST_FILE = FindMyAcronym/Info.plist;
				INFOPLIST_KEY_UIApplicationSceneManifest_Generation = YES;
				INFOPLIST_KEY_UIApplicationSupportsIndirectInputEvents = YES;
				INFOPLIST_KEY_UILaunchScreen_Generation = YES;
				INFOPLIST_KEY_UISupportedInterfaceOrientations_iPad = "UIInterfaceOrientationPortrait UIInterfaceOrientationPortraitUpsideDown UIInterfaceOrientationLandscapeLeft UIInterfaceOrientationLandscapeRight";
				INFOPLIST_KEY_UISupportedInterfaceOrientations_iPhone = "UIInterfaceOrientationPortrait UIInterfaceOrientationLandscapeLeft UIInterfaceOrientationLandscapeRight";
				LD_RUNPATH_SEARCH_PATHS = (
					"$(inherited)",
					"@executable_path/Frameworks",
				);
				MARKETING_VERSION = 1.0;
				PRODUCT_BUNDLE_IDENTIFIER = rothen.pedro.FindMyAcronym;
				PRODUCT_NAME = "$(TARGET_NAME)";
				SWIFT_EMIT_LOC_STRINGS = YES;
				SWIFT_VERSION = 5.0;
				TARGETED_DEVICE_FAMILY = "1,2";
			};
			name = Debug;
		};
		EB38AF042C45FACE0011D0CE /* Release */ = {
			isa = XCBuildConfiguration;
			buildSettings = {
				ASSETCATALOG_COMPILER_APPICON_NAME = AppIcon;
				ASSETCATALOG_COMPILER_GLOBAL_ACCENT_COLOR_NAME = AccentColor;
				CODE_SIGN_STYLE = Automatic;
				CURRENT_PROJECT_VERSION = 1;
				DEVELOPMENT_ASSET_PATHS = "\"FindMyAcronym/Preview Content\"";
				ENABLE_PREVIEWS = YES;
				GENERATE_INFOPLIST_FILE = YES;
				INFOPLIST_FILE = FindMyAcronym/Info.plist;
				INFOPLIST_KEY_UIApplicationSceneManifest_Generation = YES;
				INFOPLIST_KEY_UIApplicationSupportsIndirectInputEvents = YES;
				INFOPLIST_KEY_UILaunchScreen_Generation = YES;
				INFOPLIST_KEY_UISupportedInterfaceOrientations_iPad = "UIInterfaceOrientationPortrait UIInterfaceOrientationPortraitUpsideDown UIInterfaceOrientationLandscapeLeft UIInterfaceOrientationLandscapeRight";
				INFOPLIST_KEY_UISupportedInterfaceOrientations_iPhone = "UIInterfaceOrientationPortrait UIInterfaceOrientationLandscapeLeft UIInterfaceOrientationLandscapeRight";
				LD_RUNPATH_SEARCH_PATHS = (
					"$(inherited)",
					"@executable_path/Frameworks",
				);
				MARKETING_VERSION = 1.0;
				PRODUCT_BUNDLE_IDENTIFIER = rothen.pedro.FindMyAcronym;
				PRODUCT_NAME = "$(TARGET_NAME)";
				SWIFT_EMIT_LOC_STRINGS = YES;
				SWIFT_VERSION = 5.0;
				TARGETED_DEVICE_FAMILY = "1,2";
			};
			name = Release;
		};
		EB38AF062C45FACE0011D0CE /* Debug */ = {
			isa = XCBuildConfiguration;
			buildSettings = {
				ALWAYS_EMBED_SWIFT_STANDARD_LIBRARIES = YES;
				BUNDLE_LOADER = "$(TEST_HOST)";
				CODE_SIGN_STYLE = Automatic;
				CURRENT_PROJECT_VERSION = 1;
				GENERATE_INFOPLIST_FILE = YES;
				IPHONEOS_DEPLOYMENT_TARGET = 17.5;
				MARKETING_VERSION = 1.0;
				PRODUCT_BUNDLE_IDENTIFIER = rothen.pedro.FindMyAcronymTests;
				PRODUCT_NAME = "$(TARGET_NAME)";
				SWIFT_EMIT_LOC_STRINGS = NO;
				SWIFT_VERSION = 5.0;
				TARGETED_DEVICE_FAMILY = "1,2";
				TEST_HOST = "$(BUILT_PRODUCTS_DIR)/FindMyAcronym.app/$(BUNDLE_EXECUTABLE_FOLDER_PATH)/FindMyAcronym";
			};
			name = Debug;
		};
		EB38AF072C45FACE0011D0CE /* Release */ = {
			isa = XCBuildConfiguration;
			buildSettings = {
				ALWAYS_EMBED_SWIFT_STANDARD_LIBRARIES = YES;
				BUNDLE_LOADER = "$(TEST_HOST)";
				CODE_SIGN_STYLE = Automatic;
				CURRENT_PROJECT_VERSION = 1;
				GENERATE_INFOPLIST_FILE = YES;
				IPHONEOS_DEPLOYMENT_TARGET = 17.5;
				MARKETING_VERSION = 1.0;
				PRODUCT_BUNDLE_IDENTIFIER = rothen.pedro.FindMyAcronymTests;
				PRODUCT_NAME = "$(TARGET_NAME)";
				SWIFT_EMIT_LOC_STRINGS = NO;
				SWIFT_VERSION = 5.0;
				TARGETED_DEVICE_FAMILY = "1,2";
				TEST_HOST = "$(BUILT_PRODUCTS_DIR)/FindMyAcronym.app/$(BUNDLE_EXECUTABLE_FOLDER_PATH)/FindMyAcronym";
			};
			name = Release;
		};
		EB38AF092C45FACE0011D0CE /* Debug */ = {
			isa = XCBuildConfiguration;
			buildSettings = {
				ALWAYS_EMBED_SWIFT_STANDARD_LIBRARIES = YES;
				CODE_SIGN_STYLE = Automatic;
				CURRENT_PROJECT_VERSION = 1;
				GENERATE_INFOPLIST_FILE = YES;
				MARKETING_VERSION = 1.0;
				PRODUCT_BUNDLE_IDENTIFIER = rothen.pedro.FindMyAcronymUITests;
				PRODUCT_NAME = "$(TARGET_NAME)";
				SWIFT_EMIT_LOC_STRINGS = NO;
				SWIFT_VERSION = 5.0;
				TARGETED_DEVICE_FAMILY = "1,2";
				TEST_TARGET_NAME = FindMyAcronym;
			};
			name = Debug;
		};
		EB38AF0A2C45FACE0011D0CE /* Release */ = {
			isa = XCBuildConfiguration;
			buildSettings = {
				ALWAYS_EMBED_SWIFT_STANDARD_LIBRARIES = YES;
				CODE_SIGN_STYLE = Automatic;
				CURRENT_PROJECT_VERSION = 1;
				GENERATE_INFOPLIST_FILE = YES;
				MARKETING_VERSION = 1.0;
				PRODUCT_BUNDLE_IDENTIFIER = rothen.pedro.FindMyAcronymUITests;
				PRODUCT_NAME = "$(TARGET_NAME)";
				SWIFT_EMIT_LOC_STRINGS = NO;
				SWIFT_VERSION = 5.0;
				TARGETED_DEVICE_FAMILY = "1,2";
				TEST_TARGET_NAME = FindMyAcronym;
			};
			name = Release;
		};
/* End XCBuildConfiguration section */

/* Begin XCConfigurationList section */
		EB38AED92C45FACC0011D0CE /* Build configuration list for PBXProject "FindMyAcronym" */ = {
			isa = XCConfigurationList;
			buildConfigurations = (
				EB38AF002C45FACE0011D0CE /* Debug */,
				EB38AF012C45FACE0011D0CE /* Release */,
			);
			defaultConfigurationIsVisible = 0;
			defaultConfigurationName = Release;
		};
		EB38AF022C45FACE0011D0CE /* Build configuration list for PBXNativeTarget "FindMyAcronym" */ = {
			isa = XCConfigurationList;
			buildConfigurations = (
				EB38AF032C45FACE0011D0CE /* Debug */,
				EB38AF042C45FACE0011D0CE /* Release */,
			);
			defaultConfigurationIsVisible = 0;
			defaultConfigurationName = Release;
		};
		EB38AF052C45FACE0011D0CE /* Build configuration list for PBXNativeTarget "FindMyAcronymTests" */ = {
			isa = XCConfigurationList;
			buildConfigurations = (
				EB38AF062C45FACE0011D0CE /* Debug */,
				EB38AF072C45FACE0011D0CE /* Release */,
			);
			defaultConfigurationIsVisible = 0;
			defaultConfigurationName = Release;
		};
		EB38AF082C45FACE0011D0CE /* Build configuration list for PBXNativeTarget "FindMyAcronymUITests" */ = {
			isa = XCConfigurationList;
			buildConfigurations = (
				EB38AF092C45FACE0011D0CE /* Debug */,
				EB38AF0A2C45FACE0011D0CE /* Release */,
			);
			defaultConfigurationIsVisible = 0;
			defaultConfigurationName = Release;
		};
/* End XCConfigurationList section */
	};
	rootObject = EB38AED62C45FACC0011D0CE /* Project object */;
}
